
Microsoft Visual Studio Solution File, Format Version 11.00
# Visual Studio 2010
Project("{FAE04EC0-301F-11D3-BF4B-00C04F79EFBC}") = "Fully Integrated Graphics Renderer Project", "Fully Integrated Graphics Renderer Project.csproj", "{3C90355C-CEDA-4908-B223-B90186DA20EC}"
EndProject
Global
	GlobalSection(SolutionConfigurationPlatforms) = preSolution
		Debug|x86 = Debug|x86
		Release|x86 = Release|x86
	EndGlobalSection
	GlobalSection(ProjectConfigurationPlatforms) = postSolution
		{3C90355C-CEDA-4908-B223-B90186DA20EC}.Debug|x86.ActiveCfg = Debug|x86
		{3C90355C-CEDA-4908-B223-B90186DA20EC}.Debug|x86.Build.0 = Debug|x86
		{3C90355C-CEDA-4908-B223-B90186DA20EC}.Release|x86.ActiveCfg = Release|x86
		{3C90355C-CEDA-4908-B223-B90186DA20EC}.Release|x86.Build.0 = Release|x86
	EndGlobalSection
	GlobalSection(SolutionProperties) = preSolution
		HideSolutionNode = FALSE
	EndGlobalSection
EndGlobal
